
Microsoft Visual Studio Solution File, Format Version 12.00
# Visual Studio Version 17
VisualStudioVersion = 17.9.34728.123
MinimumVisualStudioVersion = 10.0.40219.1
Project("{888888A0-9F3D-457C-B088-3A5042F75D52}") = "Multivalued_Dependencies", "Multivalued_Dependencies\Multivalued_Dependencies.pyproj", "{F658CE63-42EA-4C76-82BC-FB1124217323}"
EndProject
Global
	GlobalSection(SolutionConfigurationPlatforms) = preSolution
		Debug|Any CPU = Debug|Any CPU
		Release|Any CPU = Release|Any CPU
	EndGlobalSection
	GlobalSection(ProjectConfigurationPlatforms) = postSolution
		{F658CE63-42EA-4C76-82BC-FB1124217323}.Debug|Any CPU.ActiveCfg = Debug|Any CPU
		{F658CE63-42EA-4C76-82BC-FB1124217323}.Debug|Any CPU.Build.0 = Debug|Any CPU
		{F658CE63-42EA-4C76-82BC-FB1124217323}.Release|Any CPU.ActiveCfg = Release|Any CPU
		{F658CE63-42EA-4C76-82BC-FB1124217323}.Release|Any CPU.Build.0 = Release|Any CPU
	EndGlobalSection
	GlobalSection(SolutionProperties) = preSolution
		HideSolutionNode = FALSE
	EndGlobalSection
	GlobalSection(ExtensibilityGlobals) = postSolution
		SolutionGuid = {A7EC6CE3-7C29-4C3D-80FE-7A71AA7EEFC8}
	EndGlobalSection
EndGlobal
